
Microsoft Visual Studio Solution File, Format Version 12.00
# Visual Studio Version 17
VisualStudioVersion = 17.2.32505.173
MinimumVisualStudioVersion = 10.0.40219.1
Project("{2150E333-8FDC-42A3-9474-1A3956D46DE8}") = "resources", "resources", "{897C5345-3FDF-47A9-9069-D4895D6F5E15}"
	ProjectSection(SolutionItems) = preProject
		environment\resources\dumpling.png = environment\resources\dumpling.png
		environment\resources\point.png = environment\resources\point.png
	EndProjectSection
EndProject
Project("{2150E333-8FDC-42A3-9474-1A3956D46DE8}") = "projects", "projects", "{9E208757-349B-4A89-AAB6-C65B440EFAD0}"
EndProject
Project("{2150E333-8FDC-42A3-9474-1A3956D46DE8}") = "fonts", "fonts", "{E25EA028-46AC-4DAC-8ACF-1ABBDD775873}"
	ProjectSection(SolutionItems) = preProject
		environment\resources\fonts\Comfortaa-Bold.ttf = environment\resources\fonts\Comfortaa-Bold.ttf
		environment\resources\fonts\Comfortaa-Regular.ttf = environment\resources\fonts\Comfortaa-Regular.ttf
		environment\resources\fonts\default.ttf = environment\resources\fonts\default.ttf
		environment\resources\fonts\FiraCode-Regular.ttf = environment\resources\fonts\FiraCode-Regular.ttf
	EndProjectSection
EndProject
Project("{2150E333-8FDC-42A3-9474-1A3956D46DE8}") = "shaders", "shaders", "{78F864D8-69CE-4A2E-9FCA-D662374003BF}"
	ProjectSection(SolutionItems) = preProject
		environment\resources\shaders\map.shader = environment\resources\shaders\map.shader
	EndProjectSection
EndProject
Project("{8BC9CEB8-8B4A-11D0-8D11-00A0C91BC942}") = "Core", "projects\Core\Core.vcxproj", "{FD90C7DE-EC59-4A3F-9102-48C1F7700EE4}"
	ProjectSection(ProjectDependencies) = postProject
		{0519217B-DADD-48F0-9E4B-C0AEC03A910B} = {0519217B-DADD-48F0-9E4B-C0AEC03A910B}
		{6D71940A-B7C1-4CA5-9BF9-96EA16D21CB3} = {6D71940A-B7C1-4CA5-9BF9-96EA16D21CB3}
		{7D3487A8-08EF-48E4-9A66-D04B2010AABA} = {7D3487A8-08EF-48E4-9A66-D04B2010AABA}
		{D3D68A8B-B0E1-4820-905C-69704DDC96A4} = {D3D68A8B-B0E1-4820-905C-69704DDC96A4}
		{EA2610AE-9279-4D1E-A25A-07C4F8C1F490} = {EA2610AE-9279-4D1E-A25A-07C4F8C1F490}
	EndProjectSection
EndProject
Project("{8BC9CEB8-8B4A-11D0-8D11-00A0C91BC942}") = "Graphics", "projects\Graphics\GraphicsCore.vcxproj", "{D3D68A8B-B0E1-4820-905C-69704DDC96A4}"
	ProjectSection(ProjectDependencies) = postProject
		{6D71940A-B7C1-4CA5-9BF9-96EA16D21CB3} = {6D71940A-B7C1-4CA5-9BF9-96EA16D21CB3}
	EndProjectSection
EndProject
Project("{8BC9CEB8-8B4A-11D0-8D11-00A0C91BC942}") = "Sandbox", "projects\Sandbox\Sandbox.vcxproj", "{C91941A0-27F9-4FEC-9CF9-657F1430BD3F}"
	ProjectSection(ProjectDependencies) = postProject
		{0519217B-DADD-48F0-9E4B-C0AEC03A910B} = {0519217B-DADD-48F0-9E4B-C0AEC03A910B}
		{627B37DD-1D70-4231-A503-AF84D6E25659} = {627B37DD-1D70-4231-A503-AF84D6E25659}
		{6D71940A-B7C1-4CA5-9BF9-96EA16D21CB3} = {6D71940A-B7C1-4CA5-9BF9-96EA16D21CB3}
		{7D3487A8-08EF-48E4-9A66-D04B2010AABA} = {7D3487A8-08EF-48E4-9A66-D04B2010AABA}
		{D3D68A8B-B0E1-4820-905C-69704DDC96A4} = {D3D68A8B-B0E1-4820-905C-69704DDC96A4}
		{EA2610AE-9279-4D1E-A25A-07C4F8C1F490} = {EA2610AE-9279-4D1E-A25A-07C4F8C1F490}
		{FD90C7DE-EC59-4A3F-9102-48C1F7700EE4} = {FD90C7DE-EC59-4A3F-9102-48C1F7700EE4}
	EndProjectSection
EndProject
Project("{8BC9CEB8-8B4A-11D0-8D11-00A0C91BC942}") = "Simulation", "projects\Simulation\SimulationRunner.vcxproj", "{EA2610AE-9279-4D1E-A25A-07C4F8C1F490}"
	ProjectSection(ProjectDependencies) = postProject
		{0519217B-DADD-48F0-9E4B-C0AEC03A910B} = {0519217B-DADD-48F0-9E4B-C0AEC03A910B}
		{6D71940A-B7C1-4CA5-9BF9-96EA16D21CB3} = {6D71940A-B7C1-4CA5-9BF9-96EA16D21CB3}
	EndProjectSection
EndProject
Project("{2150E333-8FDC-42A3-9474-1A3956D46DE8}") = "tools", "tools", "{C5A96A81-C8F8-46ED-B707-033D96463D68}"
EndProject
Project("{8BC9CEB8-8B4A-11D0-8D11-00A0C91BC942}") = "Logger", "projects\tools\Logger\Logger.vcxproj", "{6D71940A-B7C1-4CA5-9BF9-96EA16D21CB3}"
EndProject
Project("{8BC9CEB8-8B4A-11D0-8D11-00A0C91BC942}") = "Profiler", "projects\tools\Profiler\Profiler.vcxproj", "{0519217B-DADD-48F0-9E4B-C0AEC03A910B}"
EndProject
Project("{8BC9CEB8-8B4A-11D0-8D11-00A0C91BC942}") = "Events", "projects\tools\Events\Events.vcxproj", "{7D3487A8-08EF-48E4-9A66-D04B2010AABA}"
EndProject
Project("{8BC9CEB8-8B4A-11D0-8D11-00A0C91BC942}") = "DataStructures", "projects\tools\DataStructures\DataStructures.vcxproj", "{627B37DD-1D70-4231-A503-AF84D6E25659}"
EndProject
Global
	GlobalSection(SolutionConfigurationPlatforms) = preSolution
		Debug|x64 = Debug|x64
		Debug|x86 = Debug|x86
		Release|x64 = Release|x64
		Release|x86 = Release|x86
	EndGlobalSection
	GlobalSection(ProjectConfigurationPlatforms) = postSolution
		{FD90C7DE-EC59-4A3F-9102-48C1F7700EE4}.Debug|x64.ActiveCfg = Debug|x64
		{FD90C7DE-EC59-4A3F-9102-48C1F7700EE4}.Debug|x64.Build.0 = Debug|x64
		{FD90C7DE-EC59-4A3F-9102-48C1F7700EE4}.Debug|x86.ActiveCfg = Debug|Win32
		{FD90C7DE-EC59-4A3F-9102-48C1F7700EE4}.Debug|x86.Build.0 = Debug|Win32
		{FD90C7DE-EC59-4A3F-9102-48C1F7700EE4}.Release|x64.ActiveCfg = Release|x64
		{FD90C7DE-EC59-4A3F-9102-48C1F7700EE4}.Release|x64.Build.0 = Release|x64
		{FD90C7DE-EC59-4A3F-9102-48C1F7700EE4}.Release|x86.ActiveCfg = Release|Win32
		{FD90C7DE-EC59-4A3F-9102-48C1F7700EE4}.Release|x86.Build.0 = Release|Win32
		{D3D68A8B-B0E1-4820-905C-69704DDC96A4}.Debug|x64.ActiveCfg = Debug|x64
		{D3D68A8B-B0E1-4820-905C-69704DDC96A4}.Debug|x64.Build.0 = Debug|x64
		{D3D68A8B-B0E1-4820-905C-69704DDC96A4}.Debug|x86.ActiveCfg = Debug|Win32
		{D3D68A8B-B0E1-4820-905C-69704DDC96A4}.Debug|x86.Build.0 = Debug|Win32
		{D3D68A8B-B0E1-4820-905C-69704DDC96A4}.Release|x64.ActiveCfg = Release|x64
		{D3D68A8B-B0E1-4820-905C-69704DDC96A4}.Release|x64.Build.0 = Release|x64
		{D3D68A8B-B0E1-4820-905C-69704DDC96A4}.Release|x86.ActiveCfg = Release|Win32
		{D3D68A8B-B0E1-4820-905C-69704DDC96A4}.Release|x86.Build.0 = Release|Win32
		{C91941A0-27F9-4FEC-9CF9-657F1430BD3F}.Debug|x64.ActiveCfg = Debug|x64
		{C91941A0-27F9-4FEC-9CF9-657F1430BD3F}.Debug|x64.Build.0 = Debug|x64
		{C91941A0-27F9-4FEC-9CF9-657F1430BD3F}.Debug|x86.ActiveCfg = Debug|Win32
		{C91941A0-27F9-4FEC-9CF9-657F1430BD3F}.Debug|x86.Build.0 = Debug|Win32
		{C91941A0-27F9-4FEC-9CF9-657F1430BD3F}.Release|x64.ActiveCfg = Release|x64
		{C91941A0-27F9-4FEC-9CF9-657F1430BD3F}.Release|x64.Build.0 = Release|x64
		{C91941A0-27F9-4FEC-9CF9-657F1430BD3F}.Release|x86.ActiveCfg = Release|Win32
		{C91941A0-27F9-4FEC-9CF9-657F1430BD3F}.Release|x86.Build.0 = Release|Win32
		{EA2610AE-9279-4D1E-A25A-07C4F8C1F490}.Debug|x64.ActiveCfg = Debug|x64
		{EA2610AE-9279-4D1E-A25A-07C4F8C1F490}.Debug|x64.Build.0 = Debug|x64
		{EA2610AE-9279-4D1E-A25A-07C4F8C1F490}.Debug|x86.ActiveCfg = Debug|Win32
		{EA2610AE-9279-4D1E-A25A-07C4F8C1F490}.Debug|x86.Build.0 = Debug|Win32
		{EA2610AE-9279-4D1E-A25A-07C4F8C1F490}.Release|x64.ActiveCfg = Release|x64
		{EA2610AE-9279-4D1E-A25A-07C4F8C1F490}.Release|x64.Build.0 = Release|x64
		{EA2610AE-9279-4D1E-A25A-07C4F8C1F490}.Release|x86.ActiveCfg = Release|Win32
		{EA2610AE-9279-4D1E-A25A-07C4F8C1F490}.Release|x86.Build.0 = Release|Win32
		{6D71940A-B7C1-4CA5-9BF9-96EA16D21CB3}.Debug|x64.ActiveCfg = Debug|x64
		{6D71940A-B7C1-4CA5-9BF9-96EA16D21CB3}.Debug|x64.Build.0 = Debug|x64
		{6D71940A-B7C1-4CA5-9BF9-96EA16D21CB3}.Debug|x86.ActiveCfg = Debug|Win32
		{6D71940A-B7C1-4CA5-9BF9-96EA16D21CB3}.Debug|x86.Build.0 = Debug|Win32
		{6D71940A-B7C1-4CA5-9BF9-96EA16D21CB3}.Release|x64.ActiveCfg = Release|x64
		{6D71940A-B7C1-4CA5-9BF9-96EA16D21CB3}.Release|x64.Build.0 = Release|x64
		{6D71940A-B7C1-4CA5-9BF9-96EA16D21CB3}.Release|x86.ActiveCfg = Release|Win32
		{6D71940A-B7C1-4CA5-9BF9-96EA16D21CB3}.Release|x86.Build.0 = Release|Win32
		{0519217B-DADD-48F0-9E4B-C0AEC03A910B}.Debug|x64.ActiveCfg = Debug|x64
		{0519217B-DADD-48F0-9E4B-C0AEC03A910B}.Debug|x64.Build.0 = Debug|x64
		{0519217B-DADD-48F0-9E4B-C0AEC03A910B}.Debug|x86.ActiveCfg = Debug|Win32
		{0519217B-DADD-48F0-9E4B-C0AEC03A910B}.Debug|x86.Build.0 = Debug|Win32
		{0519217B-DADD-48F0-9E4B-C0AEC03A910B}.Release|x64.ActiveCfg = Release|x64
		{0519217B-DADD-48F0-9E4B-C0AEC03A910B}.Release|x64.Build.0 = Release|x64
		{0519217B-DADD-48F0-9E4B-C0AEC03A910B}.Release|x86.ActiveCfg = Release|Win32
		{0519217B-DADD-48F0-9E4B-C0AEC03A910B}.Release|x86.Build.0 = Release|Win32
		{7D3487A8-08EF-48E4-9A66-D04B2010AABA}.Debug|x64.ActiveCfg = Debug|x64
		{7D3487A8-08EF-48E4-9A66-D04B2010AABA}.Debug|x64.Build.0 = Debug|x64
		{7D3487A8-08EF-48E4-9A66-D04B2010AABA}.Debug|x86.ActiveCfg = Debug|Win32
		{7D3487A8-08EF-48E4-9A66-D04B2010AABA}.Debug|x86.Build.0 = Debug|Win32
		{7D3487A8-08EF-48E4-9A66-D04B2010AABA}.Release|x64.ActiveCfg = Release|x64
		{7D3487A8-08EF-48E4-9A66-D04B2010AABA}.Release|x64.Build.0 = Release|x64
		{7D3487A8-08EF-48E4-9A66-D04B2010AABA}.Release|x86.ActiveCfg = Release|Win32
		{7D3487A8-08EF-48E4-9A66-D04B2010AABA}.Release|x86.Build.0 = Release|Win32
		{627B37DD-1D70-4231-A503-AF84D6E25659}.Debug|x64.ActiveCfg = Debug|x64
		{627B37DD-1D70-4231-A503-AF84D6E25659}.Debug|x64.Build.0 = Debug|x64
		{627B37DD-1D70-4231-A503-AF84D6E25659}.Debug|x86.ActiveCfg = Debug|Win32
		{627B37DD-1D70-4231-A503-AF84D6E25659}.Debug|x86.Build.0 = Debug|Win32
		{627B37DD-1D70-4231-A503-AF84D6E25659}.Release|x64.ActiveCfg = Release|x64
		{627B37DD-1D70-4231-A503-AF84D6E25659}.Release|x64.Build.0 = Release|x64
		{627B37DD-1D70-4231-A503-AF84D6E25659}.Release|x86.ActiveCfg = Release|Win32
		{627B37DD-1D70-4231-A503-AF84D6E25659}.Release|x86.Build.0 = Release|Win32
	EndGlobalSection
	GlobalSection(SolutionProperties) = preSolution
		HideSolutionNode = FALSE
	EndGlobalSection
	GlobalSection(NestedProjects) = preSolution
		{E25EA028-46AC-4DAC-8ACF-1ABBDD775873} = {897C5345-3FDF-47A9-9069-D4895D6F5E15}
		{78F864D8-69CE-4A2E-9FCA-D662374003BF} = {897C5345-3FDF-47A9-9069-D4895D6F5E15}
		{FD90C7DE-EC59-4A3F-9102-48C1F7700EE4} = {9E208757-349B-4A89-AAB6-C65B440EFAD0}
		{D3D68A8B-B0E1-4820-905C-69704DDC96A4} = {9E208757-349B-4A89-AAB6-C65B440EFAD0}
		{C91941A0-27F9-4FEC-9CF9-657F1430BD3F} = {9E208757-349B-4A89-AAB6-C65B440EFAD0}
		{EA2610AE-9279-4D1E-A25A-07C4F8C1F490} = {9E208757-349B-4A89-AAB6-C65B440EFAD0}
		{C5A96A81-C8F8-46ED-B707-033D96463D68} = {9E208757-349B-4A89-AAB6-C65B440EFAD0}
		{6D71940A-B7C1-4CA5-9BF9-96EA16D21CB3} = {C5A96A81-C8F8-46ED-B707-033D96463D68}
		{0519217B-DADD-48F0-9E4B-C0AEC03A910B} = {C5A96A81-C8F8-46ED-B707-033D96463D68}
		{7D3487A8-08EF-48E4-9A66-D04B2010AABA} = {C5A96A81-C8F8-46ED-B707-033D96463D68}
		{627B37DD-1D70-4231-A503-AF84D6E25659} = {C5A96A81-C8F8-46ED-B707-033D96463D68}
	EndGlobalSection
	GlobalSection(ExtensibilityGlobals) = postSolution
		SolutionGuid = {C49C8625-9977-42C1-9EE7-8BA0DB0A6714}
	EndGlobalSection
EndGlobal
