
Microsoft Visual Studio Solution File, Format Version 12.00
# Visual Studio Version 17
VisualStudioVersion = 17.2.32505.173
MinimumVisualStudioVersion = 10.0.40219.1
Project("{8BC9CEB8-8B4A-11D0-8D11-00A0C91BC942}") = "Logger", "projects\general\Logger\Logger.vcxproj", "{6D71940A-B7C1-4CA5-9BF9-96EA16D21CB3}"
EndProject
Project("{8BC9CEB8-8B4A-11D0-8D11-00A0C91BC942}") = "Profiler", "projects\general\Profiler\Profiler.vcxproj", "{0519217B-DADD-48F0-9E4B-C0AEC03A910B}"
EndProject
Project("{8BC9CEB8-8B4A-11D0-8D11-00A0C91BC942}") = "Sandbox", "projects\general\Sandbox\Sandbox.vcxproj", "{C91941A0-27F9-4FEC-9CF9-657F1430BD3F}"
	ProjectSection(ProjectDependencies) = postProject
		{0519217B-DADD-48F0-9E4B-C0AEC03A910B} = {0519217B-DADD-48F0-9E4B-C0AEC03A910B}
		{6D71940A-B7C1-4CA5-9BF9-96EA16D21CB3} = {6D71940A-B7C1-4CA5-9BF9-96EA16D21CB3}
		{FD90C7DE-EC59-4A3F-9102-48C1F7700EE4} = {FD90C7DE-EC59-4A3F-9102-48C1F7700EE4}
	EndProjectSection
EndProject
Project("{8BC9CEB8-8B4A-11D0-8D11-00A0C91BC942}") = "EntityComponentSystem", "projects\general\EntityComponentSystem\EntityComponentSystem.vcxproj", "{E01BF677-63E3-4CDC-BF31-722110B122D3}"
	ProjectSection(ProjectDependencies) = postProject
		{6D71940A-B7C1-4CA5-9BF9-96EA16D21CB3} = {6D71940A-B7C1-4CA5-9BF9-96EA16D21CB3}
	EndProjectSection
EndProject
Project("{2150E333-8FDC-42A3-9474-1A3956D46DE8}") = "general", "general", "{C43A5CF0-2071-4AE1-B009-160C72D2379C}"
EndProject
Project("{2150E333-8FDC-42A3-9474-1A3956D46DE8}") = "graphics", "graphics", "{326FBEC7-3278-4236-9F6C-3DF35A43D543}"
EndProject
Project("{2150E333-8FDC-42A3-9474-1A3956D46DE8}") = "simulation", "simulation", "{533BC0A8-494F-4AF8-9EDB-2EBB881EE364}"
EndProject
Project("{8BC9CEB8-8B4A-11D0-8D11-00A0C91BC942}") = "SimulationRunner", "projects\simulation\SimulationRunner\SimulationRunner.vcxproj", "{EA2610AE-9279-4D1E-A25A-07C4F8C1F490}"
	ProjectSection(ProjectDependencies) = postProject
		{0519217B-DADD-48F0-9E4B-C0AEC03A910B} = {0519217B-DADD-48F0-9E4B-C0AEC03A910B}
		{6D71940A-B7C1-4CA5-9BF9-96EA16D21CB3} = {6D71940A-B7C1-4CA5-9BF9-96EA16D21CB3}
		{E01BF677-63E3-4CDC-BF31-722110B122D3} = {E01BF677-63E3-4CDC-BF31-722110B122D3}
	EndProjectSection
EndProject
Project("{2150E333-8FDC-42A3-9474-1A3956D46DE8}") = "resources", "resources", "{897C5345-3FDF-47A9-9069-D4895D6F5E15}"
	ProjectSection(SolutionItems) = preProject
		environment\resources\dumpling.png = environment\resources\dumpling.png
		environment\resources\point.png = environment\resources\point.png
		environment\SI-4.json = environment\SI-4.json
		environment\resources\test_1_basic.shader = environment\resources\test_1_basic.shader
	EndProjectSection
EndProject
Project("{2150E333-8FDC-42A3-9474-1A3956D46DE8}") = "projects", "projects", "{9E208757-349B-4A89-AAB6-C65B440EFAD0}"
EndProject
Project("{2150E333-8FDC-42A3-9474-1A3956D46DE8}") = "prototypes", "prototypes", "{4A034B26-F164-4169-BD7B-087510740F76}"
EndProject
Project("{8BC9CEB8-8B4A-11D0-8D11-00A0C91BC942}") = "GraphicsTest", "projects\prototypes\GraphicsTest\GraphicsTest.vcxproj", "{4CD664CC-16BD-4EDC-8FAA-9D6BF96844E9}"
EndProject
Project("{8BC9CEB8-8B4A-11D0-8D11-00A0C91BC942}") = "EngineTest", "projects\prototypes\EngineTest\EngineTest.vcxproj", "{080665F7-770E-4071-BA6F-476423E8137D}"
EndProject
Project("{8BC9CEB8-8B4A-11D0-8D11-00A0C91BC942}") = "ImGuiTest", "projects\prototypes\ImGuiTest\ImGuiTest.vcxproj", "{23DDF42F-33E5-459C-8BDE-43192B18FDF5}"
EndProject
Project("{2150E333-8FDC-42A3-9474-1A3956D46DE8}") = "fonts", "fonts", "{E25EA028-46AC-4DAC-8ACF-1ABBDD775873}"
	ProjectSection(SolutionItems) = preProject
		environment\resources\fonts\Comfortaa-Bold.ttf = environment\resources\fonts\Comfortaa-Bold.ttf
		environment\resources\fonts\Comfortaa-Regular.ttf = environment\resources\fonts\Comfortaa-Regular.ttf
		environment\resources\fonts\default.ttf = environment\resources\fonts\default.ttf
		environment\resources\fonts\FiraCode-Regular.ttf = environment\resources\fonts\FiraCode-Regular.ttf
	EndProjectSection
EndProject
Project("{8BC9CEB8-8B4A-11D0-8D11-00A0C91BC942}") = "GUIRenderer", "projects\graphics\GUIRenderer\GUIRenderer.vcxproj", "{588D9689-3949-4042-AA08-CD47F2703019}"
	ProjectSection(ProjectDependencies) = postProject
		{6D71940A-B7C1-4CA5-9BF9-96EA16D21CB3} = {6D71940A-B7C1-4CA5-9BF9-96EA16D21CB3}
		{D3D68A8B-B0E1-4820-905C-69704DDC96A4} = {D3D68A8B-B0E1-4820-905C-69704DDC96A4}
	EndProjectSection
EndProject
Project("{8BC9CEB8-8B4A-11D0-8D11-00A0C91BC942}") = "CentralRenderer", "projects\graphics\CentralRenderer\CentralRenderer.vcxproj", "{072943C8-35BF-486E-8F6D-1CB154C3F918}"
EndProject
Project("{2150E333-8FDC-42A3-9474-1A3956D46DE8}") = "core", "core", "{43CC44DF-B803-4481-8075-38235A5FE0C6}"
EndProject
Project("{8BC9CEB8-8B4A-11D0-8D11-00A0C91BC942}") = "Core", "projects\core\Core\Core.vcxproj", "{FD90C7DE-EC59-4A3F-9102-48C1F7700EE4}"
	ProjectSection(ProjectDependencies) = postProject
		{0519217B-DADD-48F0-9E4B-C0AEC03A910B} = {0519217B-DADD-48F0-9E4B-C0AEC03A910B}
		{072943C8-35BF-486E-8F6D-1CB154C3F918} = {072943C8-35BF-486E-8F6D-1CB154C3F918}
		{588D9689-3949-4042-AA08-CD47F2703019} = {588D9689-3949-4042-AA08-CD47F2703019}
		{6D71940A-B7C1-4CA5-9BF9-96EA16D21CB3} = {6D71940A-B7C1-4CA5-9BF9-96EA16D21CB3}
		{D3D68A8B-B0E1-4820-905C-69704DDC96A4} = {D3D68A8B-B0E1-4820-905C-69704DDC96A4}
		{E01BF677-63E3-4CDC-BF31-722110B122D3} = {E01BF677-63E3-4CDC-BF31-722110B122D3}
		{EA2610AE-9279-4D1E-A25A-07C4F8C1F490} = {EA2610AE-9279-4D1E-A25A-07C4F8C1F490}
	EndProjectSection
EndProject
Project("{8BC9CEB8-8B4A-11D0-8D11-00A0C91BC942}") = "GraphicsCore", "projects\graphics\GraphicsCore\GraphicsCore.vcxproj", "{D3D68A8B-B0E1-4820-905C-69704DDC96A4}"
EndProject
Global
	GlobalSection(SolutionConfigurationPlatforms) = preSolution
		Debug|x64 = Debug|x64
		Debug|x86 = Debug|x86
		Release|x64 = Release|x64
		Release|x86 = Release|x86
	EndGlobalSection
	GlobalSection(ProjectConfigurationPlatforms) = postSolution
		{6D71940A-B7C1-4CA5-9BF9-96EA16D21CB3}.Debug|x64.ActiveCfg = Debug|x64
		{6D71940A-B7C1-4CA5-9BF9-96EA16D21CB3}.Debug|x64.Build.0 = Debug|x64
		{6D71940A-B7C1-4CA5-9BF9-96EA16D21CB3}.Debug|x86.ActiveCfg = Debug|Win32
		{6D71940A-B7C1-4CA5-9BF9-96EA16D21CB3}.Debug|x86.Build.0 = Debug|Win32
		{6D71940A-B7C1-4CA5-9BF9-96EA16D21CB3}.Release|x64.ActiveCfg = Release|x64
		{6D71940A-B7C1-4CA5-9BF9-96EA16D21CB3}.Release|x64.Build.0 = Release|x64
		{6D71940A-B7C1-4CA5-9BF9-96EA16D21CB3}.Release|x86.ActiveCfg = Release|Win32
		{6D71940A-B7C1-4CA5-9BF9-96EA16D21CB3}.Release|x86.Build.0 = Release|Win32
		{0519217B-DADD-48F0-9E4B-C0AEC03A910B}.Debug|x64.ActiveCfg = Debug|x64
		{0519217B-DADD-48F0-9E4B-C0AEC03A910B}.Debug|x64.Build.0 = Debug|x64
		{0519217B-DADD-48F0-9E4B-C0AEC03A910B}.Debug|x86.ActiveCfg = Debug|Win32
		{0519217B-DADD-48F0-9E4B-C0AEC03A910B}.Debug|x86.Build.0 = Debug|Win32
		{0519217B-DADD-48F0-9E4B-C0AEC03A910B}.Release|x64.ActiveCfg = Release|x64
		{0519217B-DADD-48F0-9E4B-C0AEC03A910B}.Release|x64.Build.0 = Release|x64
		{0519217B-DADD-48F0-9E4B-C0AEC03A910B}.Release|x86.ActiveCfg = Release|Win32
		{0519217B-DADD-48F0-9E4B-C0AEC03A910B}.Release|x86.Build.0 = Release|Win32
		{C91941A0-27F9-4FEC-9CF9-657F1430BD3F}.Debug|x64.ActiveCfg = Debug|x64
		{C91941A0-27F9-4FEC-9CF9-657F1430BD3F}.Debug|x64.Build.0 = Debug|x64
		{C91941A0-27F9-4FEC-9CF9-657F1430BD3F}.Debug|x86.ActiveCfg = Debug|Win32
		{C91941A0-27F9-4FEC-9CF9-657F1430BD3F}.Debug|x86.Build.0 = Debug|Win32
		{C91941A0-27F9-4FEC-9CF9-657F1430BD3F}.Release|x64.ActiveCfg = Release|x64
		{C91941A0-27F9-4FEC-9CF9-657F1430BD3F}.Release|x64.Build.0 = Release|x64
		{C91941A0-27F9-4FEC-9CF9-657F1430BD3F}.Release|x86.ActiveCfg = Release|Win32
		{C91941A0-27F9-4FEC-9CF9-657F1430BD3F}.Release|x86.Build.0 = Release|Win32
		{E01BF677-63E3-4CDC-BF31-722110B122D3}.Debug|x64.ActiveCfg = Debug|x64
		{E01BF677-63E3-4CDC-BF31-722110B122D3}.Debug|x64.Build.0 = Debug|x64
		{E01BF677-63E3-4CDC-BF31-722110B122D3}.Debug|x86.ActiveCfg = Debug|Win32
		{E01BF677-63E3-4CDC-BF31-722110B122D3}.Debug|x86.Build.0 = Debug|Win32
		{E01BF677-63E3-4CDC-BF31-722110B122D3}.Release|x64.ActiveCfg = Release|x64
		{E01BF677-63E3-4CDC-BF31-722110B122D3}.Release|x64.Build.0 = Release|x64
		{E01BF677-63E3-4CDC-BF31-722110B122D3}.Release|x86.ActiveCfg = Release|Win32
		{E01BF677-63E3-4CDC-BF31-722110B122D3}.Release|x86.Build.0 = Release|Win32
		{EA2610AE-9279-4D1E-A25A-07C4F8C1F490}.Debug|x64.ActiveCfg = Debug|x64
		{EA2610AE-9279-4D1E-A25A-07C4F8C1F490}.Debug|x64.Build.0 = Debug|x64
		{EA2610AE-9279-4D1E-A25A-07C4F8C1F490}.Debug|x86.ActiveCfg = Debug|Win32
		{EA2610AE-9279-4D1E-A25A-07C4F8C1F490}.Debug|x86.Build.0 = Debug|Win32
		{EA2610AE-9279-4D1E-A25A-07C4F8C1F490}.Release|x64.ActiveCfg = Release|x64
		{EA2610AE-9279-4D1E-A25A-07C4F8C1F490}.Release|x64.Build.0 = Release|x64
		{EA2610AE-9279-4D1E-A25A-07C4F8C1F490}.Release|x86.ActiveCfg = Release|Win32
		{EA2610AE-9279-4D1E-A25A-07C4F8C1F490}.Release|x86.Build.0 = Release|Win32
		{4CD664CC-16BD-4EDC-8FAA-9D6BF96844E9}.Debug|x64.ActiveCfg = Debug|x64
		{4CD664CC-16BD-4EDC-8FAA-9D6BF96844E9}.Debug|x64.Build.0 = Debug|x64
		{4CD664CC-16BD-4EDC-8FAA-9D6BF96844E9}.Debug|x86.ActiveCfg = Debug|Win32
		{4CD664CC-16BD-4EDC-8FAA-9D6BF96844E9}.Debug|x86.Build.0 = Debug|Win32
		{4CD664CC-16BD-4EDC-8FAA-9D6BF96844E9}.Release|x64.ActiveCfg = Release|x64
		{4CD664CC-16BD-4EDC-8FAA-9D6BF96844E9}.Release|x64.Build.0 = Release|x64
		{4CD664CC-16BD-4EDC-8FAA-9D6BF96844E9}.Release|x86.ActiveCfg = Release|Win32
		{4CD664CC-16BD-4EDC-8FAA-9D6BF96844E9}.Release|x86.Build.0 = Release|Win32
		{080665F7-770E-4071-BA6F-476423E8137D}.Debug|x64.ActiveCfg = Debug|x64
		{080665F7-770E-4071-BA6F-476423E8137D}.Debug|x64.Build.0 = Debug|x64
		{080665F7-770E-4071-BA6F-476423E8137D}.Debug|x86.ActiveCfg = Debug|Win32
		{080665F7-770E-4071-BA6F-476423E8137D}.Debug|x86.Build.0 = Debug|Win32
		{080665F7-770E-4071-BA6F-476423E8137D}.Release|x64.ActiveCfg = Release|x64
		{080665F7-770E-4071-BA6F-476423E8137D}.Release|x64.Build.0 = Release|x64
		{080665F7-770E-4071-BA6F-476423E8137D}.Release|x86.ActiveCfg = Release|Win32
		{080665F7-770E-4071-BA6F-476423E8137D}.Release|x86.Build.0 = Release|Win32
		{23DDF42F-33E5-459C-8BDE-43192B18FDF5}.Debug|x64.ActiveCfg = Debug|x64
		{23DDF42F-33E5-459C-8BDE-43192B18FDF5}.Debug|x64.Build.0 = Debug|x64
		{23DDF42F-33E5-459C-8BDE-43192B18FDF5}.Debug|x86.ActiveCfg = Debug|Win32
		{23DDF42F-33E5-459C-8BDE-43192B18FDF5}.Debug|x86.Build.0 = Debug|Win32
		{23DDF42F-33E5-459C-8BDE-43192B18FDF5}.Release|x64.ActiveCfg = Release|x64
		{23DDF42F-33E5-459C-8BDE-43192B18FDF5}.Release|x64.Build.0 = Release|x64
		{23DDF42F-33E5-459C-8BDE-43192B18FDF5}.Release|x86.ActiveCfg = Release|Win32
		{23DDF42F-33E5-459C-8BDE-43192B18FDF5}.Release|x86.Build.0 = Release|Win32
		{588D9689-3949-4042-AA08-CD47F2703019}.Debug|x64.ActiveCfg = Debug|x64
		{588D9689-3949-4042-AA08-CD47F2703019}.Debug|x64.Build.0 = Debug|x64
		{588D9689-3949-4042-AA08-CD47F2703019}.Debug|x86.ActiveCfg = Debug|Win32
		{588D9689-3949-4042-AA08-CD47F2703019}.Debug|x86.Build.0 = Debug|Win32
		{588D9689-3949-4042-AA08-CD47F2703019}.Release|x64.ActiveCfg = Release|x64
		{588D9689-3949-4042-AA08-CD47F2703019}.Release|x64.Build.0 = Release|x64
		{588D9689-3949-4042-AA08-CD47F2703019}.Release|x86.ActiveCfg = Release|Win32
		{588D9689-3949-4042-AA08-CD47F2703019}.Release|x86.Build.0 = Release|Win32
		{072943C8-35BF-486E-8F6D-1CB154C3F918}.Debug|x64.ActiveCfg = Debug|x64
		{072943C8-35BF-486E-8F6D-1CB154C3F918}.Debug|x64.Build.0 = Debug|x64
		{072943C8-35BF-486E-8F6D-1CB154C3F918}.Debug|x86.ActiveCfg = Debug|Win32
		{072943C8-35BF-486E-8F6D-1CB154C3F918}.Debug|x86.Build.0 = Debug|Win32
		{072943C8-35BF-486E-8F6D-1CB154C3F918}.Release|x64.ActiveCfg = Release|x64
		{072943C8-35BF-486E-8F6D-1CB154C3F918}.Release|x64.Build.0 = Release|x64
		{072943C8-35BF-486E-8F6D-1CB154C3F918}.Release|x86.ActiveCfg = Release|Win32
		{072943C8-35BF-486E-8F6D-1CB154C3F918}.Release|x86.Build.0 = Release|Win32
		{FD90C7DE-EC59-4A3F-9102-48C1F7700EE4}.Debug|x64.ActiveCfg = Debug|x64
		{FD90C7DE-EC59-4A3F-9102-48C1F7700EE4}.Debug|x64.Build.0 = Debug|x64
		{FD90C7DE-EC59-4A3F-9102-48C1F7700EE4}.Debug|x86.ActiveCfg = Debug|Win32
		{FD90C7DE-EC59-4A3F-9102-48C1F7700EE4}.Debug|x86.Build.0 = Debug|Win32
		{FD90C7DE-EC59-4A3F-9102-48C1F7700EE4}.Release|x64.ActiveCfg = Release|x64
		{FD90C7DE-EC59-4A3F-9102-48C1F7700EE4}.Release|x64.Build.0 = Release|x64
		{FD90C7DE-EC59-4A3F-9102-48C1F7700EE4}.Release|x86.ActiveCfg = Release|Win32
		{FD90C7DE-EC59-4A3F-9102-48C1F7700EE4}.Release|x86.Build.0 = Release|Win32
		{D3D68A8B-B0E1-4820-905C-69704DDC96A4}.Debug|x64.ActiveCfg = Debug|x64
		{D3D68A8B-B0E1-4820-905C-69704DDC96A4}.Debug|x64.Build.0 = Debug|x64
		{D3D68A8B-B0E1-4820-905C-69704DDC96A4}.Debug|x86.ActiveCfg = Debug|Win32
		{D3D68A8B-B0E1-4820-905C-69704DDC96A4}.Debug|x86.Build.0 = Debug|Win32
		{D3D68A8B-B0E1-4820-905C-69704DDC96A4}.Release|x64.ActiveCfg = Release|x64
		{D3D68A8B-B0E1-4820-905C-69704DDC96A4}.Release|x64.Build.0 = Release|x64
		{D3D68A8B-B0E1-4820-905C-69704DDC96A4}.Release|x86.ActiveCfg = Release|Win32
		{D3D68A8B-B0E1-4820-905C-69704DDC96A4}.Release|x86.Build.0 = Release|Win32
	EndGlobalSection
	GlobalSection(SolutionProperties) = preSolution
		HideSolutionNode = FALSE
	EndGlobalSection
	GlobalSection(NestedProjects) = preSolution
		{6D71940A-B7C1-4CA5-9BF9-96EA16D21CB3} = {C43A5CF0-2071-4AE1-B009-160C72D2379C}
		{0519217B-DADD-48F0-9E4B-C0AEC03A910B} = {C43A5CF0-2071-4AE1-B009-160C72D2379C}
		{C91941A0-27F9-4FEC-9CF9-657F1430BD3F} = {C43A5CF0-2071-4AE1-B009-160C72D2379C}
		{E01BF677-63E3-4CDC-BF31-722110B122D3} = {C43A5CF0-2071-4AE1-B009-160C72D2379C}
		{C43A5CF0-2071-4AE1-B009-160C72D2379C} = {9E208757-349B-4A89-AAB6-C65B440EFAD0}
		{326FBEC7-3278-4236-9F6C-3DF35A43D543} = {9E208757-349B-4A89-AAB6-C65B440EFAD0}
		{533BC0A8-494F-4AF8-9EDB-2EBB881EE364} = {9E208757-349B-4A89-AAB6-C65B440EFAD0}
		{EA2610AE-9279-4D1E-A25A-07C4F8C1F490} = {533BC0A8-494F-4AF8-9EDB-2EBB881EE364}
		{4A034B26-F164-4169-BD7B-087510740F76} = {9E208757-349B-4A89-AAB6-C65B440EFAD0}
		{4CD664CC-16BD-4EDC-8FAA-9D6BF96844E9} = {4A034B26-F164-4169-BD7B-087510740F76}
		{080665F7-770E-4071-BA6F-476423E8137D} = {4A034B26-F164-4169-BD7B-087510740F76}
		{23DDF42F-33E5-459C-8BDE-43192B18FDF5} = {4A034B26-F164-4169-BD7B-087510740F76}
		{E25EA028-46AC-4DAC-8ACF-1ABBDD775873} = {897C5345-3FDF-47A9-9069-D4895D6F5E15}
		{588D9689-3949-4042-AA08-CD47F2703019} = {326FBEC7-3278-4236-9F6C-3DF35A43D543}
		{072943C8-35BF-486E-8F6D-1CB154C3F918} = {326FBEC7-3278-4236-9F6C-3DF35A43D543}
		{43CC44DF-B803-4481-8075-38235A5FE0C6} = {9E208757-349B-4A89-AAB6-C65B440EFAD0}
		{FD90C7DE-EC59-4A3F-9102-48C1F7700EE4} = {43CC44DF-B803-4481-8075-38235A5FE0C6}
		{D3D68A8B-B0E1-4820-905C-69704DDC96A4} = {326FBEC7-3278-4236-9F6C-3DF35A43D543}
	EndGlobalSection
	GlobalSection(ExtensibilityGlobals) = postSolution
		SolutionGuid = {C49C8625-9977-42C1-9EE7-8BA0DB0A6714}
	EndGlobalSection
EndGlobal
